
Microsoft Visual Studio Solution File, Format Version 10.00
# Visual Studio 2008
Project("{FAE04EC0-301F-11D3-BF4B-00C04F79EFBC}") = "CircuitCalc", "CircuitCalc\CircuitCalc.csproj", "{852F94B0-E46E-4538-8954-3931E394C6C3}"
EndProject
Project("{FAE04EC0-301F-11D3-BF4B-00C04F79EFBC}") = "Editor", "Editor\Editor.csproj", "{DAB9C274-2093-49F2-9EB5-05464A71B795}"
EndProject
Project("{2150E333-8FDC-42A3-9474-1A3956D46DE8}") = "Solution Items", "Solution Items", "{2FE1FEFA-3B7A-47A4-A909-E32020685098}"
	ProjectSection(SolutionItems) = preProject
		Numbers.txt = Numbers.txt
	EndProjectSection
EndProject
Project("{FAE04EC0-301F-11D3-BF4B-00C04F79EFBC}") = "WebClient", "WebClient\WebClient.csproj", "{F224C408-D478-4DBA-AFC7-10CDB8E3ED67}"
EndProject
Project("{FAE04EC0-301F-11D3-BF4B-00C04F79EFBC}") = "CarsDownloader", "CarsDownloader\CarsDownloader.csproj", "{2D7FF77B-1FA9-4F0A-876F-A8A81D652C85}"
EndProject
Project("{FAE04EC0-301F-11D3-BF4B-00C04F79EFBC}") = "Submiter", "Submiter\Submiter.csproj", "{5C3D6978-0284-4690-924B-09D328868E3D}"
EndProject
Global
	GlobalSection(SolutionConfigurationPlatforms) = preSolution
		Debug|Any CPU = Debug|Any CPU
		Release|Any CPU = Release|Any CPU
	EndGlobalSection
	GlobalSection(ProjectConfigurationPlatforms) = postSolution
		{852F94B0-E46E-4538-8954-3931E394C6C3}.Debug|Any CPU.ActiveCfg = Debug|Any CPU
		{852F94B0-E46E-4538-8954-3931E394C6C3}.Debug|Any CPU.Build.0 = Debug|Any CPU
		{852F94B0-E46E-4538-8954-3931E394C6C3}.Release|Any CPU.ActiveCfg = Release|Any CPU
		{852F94B0-E46E-4538-8954-3931E394C6C3}.Release|Any CPU.Build.0 = Release|Any CPU
		{DAB9C274-2093-49F2-9EB5-05464A71B795}.Debug|Any CPU.ActiveCfg = Debug|Any CPU
		{DAB9C274-2093-49F2-9EB5-05464A71B795}.Debug|Any CPU.Build.0 = Debug|Any CPU
		{DAB9C274-2093-49F2-9EB5-05464A71B795}.Release|Any CPU.ActiveCfg = Release|Any CPU
		{DAB9C274-2093-49F2-9EB5-05464A71B795}.Release|Any CPU.Build.0 = Release|Any CPU
		{F224C408-D478-4DBA-AFC7-10CDB8E3ED67}.Debug|Any CPU.ActiveCfg = Debug|Any CPU
		{F224C408-D478-4DBA-AFC7-10CDB8E3ED67}.Debug|Any CPU.Build.0 = Debug|Any CPU
		{F224C408-D478-4DBA-AFC7-10CDB8E3ED67}.Release|Any CPU.ActiveCfg = Release|Any CPU
		{F224C408-D478-4DBA-AFC7-10CDB8E3ED67}.Release|Any CPU.Build.0 = Release|Any CPU
		{2D7FF77B-1FA9-4F0A-876F-A8A81D652C85}.Debug|Any CPU.ActiveCfg = Debug|Any CPU
		{2D7FF77B-1FA9-4F0A-876F-A8A81D652C85}.Debug|Any CPU.Build.0 = Debug|Any CPU
		{2D7FF77B-1FA9-4F0A-876F-A8A81D652C85}.Release|Any CPU.ActiveCfg = Release|Any CPU
		{2D7FF77B-1FA9-4F0A-876F-A8A81D652C85}.Release|Any CPU.Build.0 = Release|Any CPU
		{5C3D6978-0284-4690-924B-09D328868E3D}.Debug|Any CPU.ActiveCfg = Debug|Any CPU
		{5C3D6978-0284-4690-924B-09D328868E3D}.Debug|Any CPU.Build.0 = Debug|Any CPU
		{5C3D6978-0284-4690-924B-09D328868E3D}.Release|Any CPU.ActiveCfg = Release|Any CPU
		{5C3D6978-0284-4690-924B-09D328868E3D}.Release|Any CPU.Build.0 = Release|Any CPU
	EndGlobalSection
	GlobalSection(SolutionProperties) = preSolution
		HideSolutionNode = FALSE
	EndGlobalSection
EndGlobal
